
Microsoft Visual Studio Solution File, Format Version 12.00
# Visual Studio Version 17
VisualStudioVersion = 17.14.36301.6
MinimumVisualStudioVersion = 10.0.40219.1
Project("{FAE04EC0-301F-11D3-BF4B-00C04F79EFBC}") = "VideoCutter", "VideoCutter\VideoCutter.csproj", "{F52C0107-47DC-4A30-8848-BC11AAB00DDC}"
EndProject
Project("{FAE04EC0-301F-11D3-BF4B-00C04F79EFBC}") = "Config", "ConfigHandling\Config.csproj", "{CEC02CB1-3D7E-48E5-B873-EF7115181120}"
EndProject
Project("{FAE04EC0-301F-11D3-BF4B-00C04F79EFBC}") = "Core", "Core\Core.csproj", "{78A21F07-ED0F-46F5-9631-CD0FFC9178E3}"
EndProject
Global
	GlobalSection(SolutionConfigurationPlatforms) = preSolution
		Debug|Any CPU = Debug|Any CPU
		Release|Any CPU = Release|Any CPU
	EndGlobalSection
	GlobalSection(ProjectConfigurationPlatforms) = postSolution
		{F52C0107-47DC-4A30-8848-BC11AAB00DDC}.Debug|Any CPU.ActiveCfg = Debug|Any CPU
		{F52C0107-47DC-4A30-8848-BC11AAB00DDC}.Debug|Any CPU.Build.0 = Debug|Any CPU
		{F52C0107-47DC-4A30-8848-BC11AAB00DDC}.Release|Any CPU.ActiveCfg = Release|Any CPU
		{F52C0107-47DC-4A30-8848-BC11AAB00DDC}.Release|Any CPU.Build.0 = Release|Any CPU
		{CEC02CB1-3D7E-48E5-B873-EF7115181120}.Debug|Any CPU.ActiveCfg = Debug|Any CPU
		{CEC02CB1-3D7E-48E5-B873-EF7115181120}.Debug|Any CPU.Build.0 = Debug|Any CPU
		{CEC02CB1-3D7E-48E5-B873-EF7115181120}.Release|Any CPU.ActiveCfg = Release|Any CPU
		{CEC02CB1-3D7E-48E5-B873-EF7115181120}.Release|Any CPU.Build.0 = Release|Any CPU
		{78A21F07-ED0F-46F5-9631-CD0FFC9178E3}.Debug|Any CPU.ActiveCfg = Debug|Any CPU
		{78A21F07-ED0F-46F5-9631-CD0FFC9178E3}.Debug|Any CPU.Build.0 = Debug|Any CPU
		{78A21F07-ED0F-46F5-9631-CD0FFC9178E3}.Release|Any CPU.ActiveCfg = Release|Any CPU
		{78A21F07-ED0F-46F5-9631-CD0FFC9178E3}.Release|Any CPU.Build.0 = Release|Any CPU
	EndGlobalSection
	GlobalSection(SolutionProperties) = preSolution
		HideSolutionNode = FALSE
	EndGlobalSection
	GlobalSection(ExtensibilityGlobals) = postSolution
		SolutionGuid = {6ED92F57-A848-4EC0-A70F-4EA346E2290A}
	EndGlobalSection
EndGlobal
